
Microsoft Visual Studio Solution File, Format Version 12.00
# Visual Studio 15
Project("{FAE04EC0-301F-11D3-BF4B-00C04F79EFBC}") = "LeetCode", "LeetCode\LeetCode.csproj", "{A638125B-866E-4045-84CC-1CB5A1F9CA4B}"
EndProject
Global
	GlobalSection(SolutionConfigurationPlatforms) = preSolution
		Debug|Any CPU = Debug|Any CPU
		Release|Any CPU = Release|Any CPU
	EndGlobalSection
	GlobalSection(ProjectConfigurationPlatforms) = postSolution
		{A638125B-866E-4045-84CC-1CB5A1F9CA4B}.Debug|Any CPU.ActiveCfg = Debug|Any CPU
		{A638125B-866E-4045-84CC-1CB5A1F9CA4B}.Debug|Any CPU.Build.0 = Debug|Any CPU
		{A638125B-866E-4045-84CC-1CB5A1F9CA4B}.Release|Any CPU.ActiveCfg = Release|Any CPU
		{A638125B-866E-4045-84CC-1CB5A1F9CA4B}.Release|Any CPU.Build.0 = Release|Any CPU
	EndGlobalSection
EndGlobal
